// !$*UTF8*$!
{
	archiveVersion = 1;
	classes = {
	};
	objectVersion = 54;
	objects = {

/* Begin PBXBuildFile section */
		00E356F31AD99517003FC87E /* p02_coffee_shopTests.m in Sources */ = {isa = PBXBuildFile; fileRef = 00E356F21AD99517003FC87E /* p02_coffee_shopTests.m */; };
		0C80B921A6F3F58F76C31292 /* libPods-p02_coffee_shop.a in Frameworks */ = {isa = PBXBuildFile; fileRef = 5DCACB8F33CDC322A6C60F78 /* libPods-p02_coffee_shop.a */; };
		13B07FBC1A68108700A75B9A /* AppDelegate.mm in Sources */ = {isa = PBXBuildFile; fileRef = 13B07FB01A68108700A75B9A /* AppDelegate.mm */; };
		13B07FBF1A68108700A75B9A /* Images.xcassets in Resources */ = {isa = PBXBuildFile; fileRef = 13B07FB51A68108700A75B9A /* Images.xcassets */; };
		13B07FC11A68108700A75B9A /* main.m in Sources */ = {isa = PBXBuildFile; fileRef = 13B07FB71A68108700A75B9A /* main.m */; };
		7699B88040F8A987B510C191 /* libPods-p02_coffee_shop-p02_coffee_shopTests.a in Frameworks */ = {isa = PBXBuildFile; fileRef = 19F6CBCC0A4E27FBF8BF4A61 /* libPods-p02_coffee_shop-p02_coffee_shopTests.a */; };
		81AB9BB82411601600AC10FF /* LaunchScreen.storyboard in Resources */ = {isa = PBXBuildFile; fileRef = 81AB9BB72411601600AC10FF /* LaunchScreen.storyboard */; };
		49839FB89EFA440FA7FD7AB6 /* app_icons.ttf in Resources */ = {isa = PBXBuildFile; fileRef = A0D15F13C124462989FF6512 /* app_icons.ttf */; };
		BD57447B6EDD411B84017FC5 /* Poppins-Black.ttf in Resources */ = {isa = PBXBuildFile; fileRef = 5783005D5D3047A79A4DC9A1 /* Poppins-Black.ttf */; };
		27B0C0EBEF6644E7AD6D8A8A /* Poppins-Bold.ttf in Resources */ = {isa = PBXBuildFile; fileRef = 9736534C6D5E4E7C81DAA073 /* Poppins-Bold.ttf */; };
		4B0C29D18DA443808DCB994C /* Poppins-ExtraBold.ttf in Resources */ = {isa = PBXBuildFile; fileRef = D931D9B76F394C8BBC313425 /* Poppins-ExtraBold.ttf */; };
		174469DE80154BDFAAF3E796 /* Poppins-ExtraLight.ttf in Resources */ = {isa = PBXBuildFile; fileRef = 7243A126EF384EC6A1A1FC26 /* Poppins-ExtraLight.ttf */; };
		14FF17AF672A448FA9167CBD /* Poppins-Light.ttf in Resources */ = {isa = PBXBuildFile; fileRef = D7C3B35377E04A9484686BB6 /* Poppins-Light.ttf */; };
		1B595328466F4D548EE66E8D /* Poppins-Medium.ttf in Resources */ = {isa = PBXBuildFile; fileRef = 591A17DF8CE7469085229C2B /* Poppins-Medium.ttf */; };
		3AF8A5501980435D8BF54FD6 /* Poppins-Regular.ttf in Resources */ = {isa = PBXBuildFile; fileRef = 204D9ABC0DAE47A7B7CB337F /* Poppins-Regular.ttf */; };
		F6DCA8F2F7F24A5D9403A949 /* Poppins-SemiBold.ttf in Resources */ = {isa = PBXBuildFile; fileRef = 3E92F1EDEAE841A8A9661A53 /* Poppins-SemiBold.ttf */; };
		467669C3F8CC48AAA48D10B5 /* Poppins-Thin.ttf in Resources */ = {isa = PBXBuildFile; fileRef = 648CAE610E284BE092EF5A94 /* Poppins-Thin.ttf */; };
		B0D8D47109CE4DC0B0E61314 /* amazonpay.png in Resources */ = {isa = PBXBuildFile; fileRef = BE72DEBAEB824AEDACB10683 /* amazonpay.png */; };
		7F30D44572D44B8A8895882D /* applepay.png in Resources */ = {isa = PBXBuildFile; fileRef = 94AB2A52BA204E25BAFAB73F /* applepay.png */; };
		932538F0167C4FCFBE4B50DA /* avatar.png in Resources */ = {isa = PBXBuildFile; fileRef = 2D3E5E9AEDC646EE97BAC6C8 /* avatar.png */; };
		11EBA02CCD2148B2937F674A /* gpay.png in Resources */ = {isa = PBXBuildFile; fileRef = CC48E7D2BC364FD5A7DD0133 /* gpay.png */; };
		175B02A30B7E40B88469DE96 /* americano_pic_1_portrait.png in Resources */ = {isa = PBXBuildFile; fileRef = D62C8804218A4EC9874D1DE2 /* americano_pic_1_portrait.png */; };
		7CD3960D718E4A41B48E7A3E /* americano_pic_2_portrait.png in Resources */ = {isa = PBXBuildFile; fileRef = F810FD50AEC8444395CCDE13 /* americano_pic_2_portrait.png */; };
		591995B8C0C84A08BEE3198D /* americano_pic_3_portrait.png in Resources */ = {isa = PBXBuildFile; fileRef = DF6AB31794934AD98BE452FC /* americano_pic_3_portrait.png */; };
		CE9C1B47173E4E00B22568D9 /* americano_pic_1_square.png in Resources */ = {isa = PBXBuildFile; fileRef = 8C4BEF6BD261464C9DAC76E0 /* americano_pic_1_square.png */; };
		5F25738C824B47E3A5703A06 /* americano_pic_2_square.png in Resources */ = {isa = PBXBuildFile; fileRef = 53842EE23BBE4BAA9DA019D3 /* americano_pic_2_square.png */; };
		3CCE7DAECB1D4F0189BBEF35 /* americano_pic_3_square.png in Resources */ = {isa = PBXBuildFile; fileRef = C8EF9246F6C94D66A81A7AD8 /* americano_pic_3_square.png */; };
		484845557BD7460CB1963477 /* arabica_coffee_beans_portrait.png in Resources */ = {isa = PBXBuildFile; fileRef = FC3389CB0A8B4B7299EC18C3 /* arabica_coffee_beans_portrait.png */; };
		F189A5B429AB471EB253055B /* arabica_coffee_beans_square.png in Resources */ = {isa = PBXBuildFile; fileRef = 5EB4342BE63D4932A3C4B999 /* arabica_coffee_beans_square.png */; };
		B98CA75230484918ACD8E2BC /* black_coffee_pic_1_portrait.png in Resources */ = {isa = PBXBuildFile; fileRef = DD1F4123A2BA485BAA954CB9 /* black_coffee_pic_1_portrait.png */; };
		94377BB9B541461DA276CE13 /* black_coffee_pic_2_portrait.png in Resources */ = {isa = PBXBuildFile; fileRef = 929A0E60E3B84DA5B6E64EC8 /* black_coffee_pic_2_portrait.png */; };
		A6615876C6F44131A4250E7D /* black_coffee_pic_3_portrait.png in Resources */ = {isa = PBXBuildFile; fileRef = C7E80741A5D24716AD243FB2 /* black_coffee_pic_3_portrait.png */; };
		8ABC5CBFCF314F9AA157E0D3 /* black_coffee_pic_1_square.png in Resources */ = {isa = PBXBuildFile; fileRef = F160C69DDBD74097993E02F3 /* black_coffee_pic_1_square.png */; };
		9E34E0BD87D540C7A001B3B1 /* black_coffee_pic_2_square.png in Resources */ = {isa = PBXBuildFile; fileRef = 3E15A902BA0D47828425EB4F /* black_coffee_pic_2_square.png */; };
		51344C03F96C4D5ABBAC2F78 /* black_coffee_pic_3_square.png in Resources */ = {isa = PBXBuildFile; fileRef = 0D46AA4840C544D08EF5E680 /* black_coffee_pic_3_square.png */; };
		C5CB707FC6684A459B4B4F19 /* cappuccino_pic_1_portrait.png in Resources */ = {isa = PBXBuildFile; fileRef = B296C79F417F4539B49657C6 /* cappuccino_pic_1_portrait.png */; };
		C2323EBD7DD3481AA990BCE5 /* cappuccino_pic_2_portrait.png in Resources */ = {isa = PBXBuildFile; fileRef = 91BF983A2D8F4C7E97176595 /* cappuccino_pic_2_portrait.png */; };
		EAFB153B511B41A38C54A9C9 /* cappuccino_pic_3_portrait.png in Resources */ = {isa = PBXBuildFile; fileRef = ADFB1BA04D6C473A91007666 /* cappuccino_pic_3_portrait.png */; };
		10A97971A99B473E8A790F45 /* cappuccino_pic_1_square.png in Resources */ = {isa = PBXBuildFile; fileRef = 6CAB7F28CB384D6D91444C2C /* cappuccino_pic_1_square.png */; };
		17B5DEF4C84B44B0A27645CA /* cappuccino_pic_2_square.png in Resources */ = {isa = PBXBuildFile; fileRef = B1B644FEBEFD4BD1AD41B8D7 /* cappuccino_pic_2_square.png */; };
		6CA570FF5C3E4FAC9C61FCEE /* cappuccino_pic_3_square.png in Resources */ = {isa = PBXBuildFile; fileRef = 7D4DF65902084A26ABB15C8C /* cappuccino_pic_3_square.png */; };
		6DBF653496BF46649A417543 /* espresso_pic_1_portrait.png in Resources */ = {isa = PBXBuildFile; fileRef = 91551248B35A4D78A9682170 /* espresso_pic_1_portrait.png */; };
		D3A58CC0765540F281939B56 /* espresso_pic_2_portrait.png in Resources */ = {isa = PBXBuildFile; fileRef = 0ED81175B2AA4BF1851569C1 /* espresso_pic_2_portrait.png */; };
		5A8CC85B527547548B3F32DA /* espresso_pic_3_portrait.png in Resources */ = {isa = PBXBuildFile; fileRef = B71B6B2EA3E0497A8CBB71DD /* espresso_pic_3_portrait.png */; };
		7457A9A07C4042A69E01804A /* espresso_pic_1_square.png in Resources */ = {isa = PBXBuildFile; fileRef = E4D14D18C1C644A9A613B107 /* espresso_pic_1_square.png */; };
		92A769560F9A48C9B8C74A16 /* espresso_pic_2_square.png in Resources */ = {isa = PBXBuildFile; fileRef = 090DF3BAA9C444EEB28BB862 /* espresso_pic_2_square.png */; };
		80AE00DBB3854A148F43595E /* espresso_pic_3_square.png in Resources */ = {isa = PBXBuildFile; fileRef = D7381D8DE18744158531790B /* espresso_pic_3_square.png */; };
		8206437B5C014DAE85B0818D /* excelsa_coffee_beans_portrait.png in Resources */ = {isa = PBXBuildFile; fileRef = BE899CB64DFD40D4B0103501 /* excelsa_coffee_beans_portrait.png */; };
		F477C511656A4499A4A7E476 /* excelsa_coffee_beans_square.png in Resources */ = {isa = PBXBuildFile; fileRef = D1F0AD0309DF4B65824DD14A /* excelsa_coffee_beans_square.png */; };
		88FD19AC278B456BB133F9E0 /* latte_pic_1_portrait.png in Resources */ = {isa = PBXBuildFile; fileRef = 1E440138A5E44156BFD7747B /* latte_pic_1_portrait.png */; };
		7EABD124A46D410185CD1A64 /* latte_pic_2_portrait.png in Resources */ = {isa = PBXBuildFile; fileRef = D673E3E84A7D4F8099182E1A /* latte_pic_2_portrait.png */; };
		7F7ECB1A53AA458F94E154A9 /* latte_pic_3_portrait.png in Resources */ = {isa = PBXBuildFile; fileRef = 64F04AEF40D243E3AD118DDF /* latte_pic_3_portrait.png */; };
		7AF3B445B41C42C5B3965F7B /* latte_pic_1_square.png in Resources */ = {isa = PBXBuildFile; fileRef = 1E78FB71F4BF47E7A5C07E2B /* latte_pic_1_square.png */; };
		18ED85D051AB4BA485501E5F /* latte_pic_2_square.png in Resources */ = {isa = PBXBuildFile; fileRef = 85CFE099FFF24EC291A971A6 /* latte_pic_2_square.png */; };
		4874494CB8D144E98AEB1CAE /* latte_pic_3_square.png in Resources */ = {isa = PBXBuildFile; fileRef = DD2599923F074ABFB127796A /* latte_pic_3_square.png */; };
		7CFB7001E9A74433ABA3F392 /* liberica_coffee_beans_portrait.png in Resources */ = {isa = PBXBuildFile; fileRef = 58954F29B31343F9B2CEA53D /* liberica_coffee_beans_portrait.png */; };
		EC40921016C74864AB870300 /* liberica_coffee_beans_square.png in Resources */ = {isa = PBXBuildFile; fileRef = 88B9CBDF3EA04ECE83C8623E /* liberica_coffee_beans_square.png */; };
		DC39104267D14E688A55E407 /* macchiato_pic_1_portrait.png in Resources */ = {isa = PBXBuildFile; fileRef = 58FBEDEEE6384F34B02C362D /* macchiato_pic_1_portrait.png */; };
		5AD5086B0B1D4487B4BC6D79 /* macchiato_pic_2_portrait.png in Resources */ = {isa = PBXBuildFile; fileRef = 855BEDF68D4E4E0B8959D155 /* macchiato_pic_2_portrait.png */; };
		FFEAC49BB3404286A32A4887 /* macchiato_pic_3_portrait.png in Resources */ = {isa = PBXBuildFile; fileRef = A24C674FF01F48B3B16C4201 /* macchiato_pic_3_portrait.png */; };
		C592BE38E02B461DBD4D5EEF /* macchiato_pic_1_square.png in Resources */ = {isa = PBXBuildFile; fileRef = DFD1A2AD634D4CCFA641D920 /* macchiato_pic_1_square.png */; };
		EF18E115846B410FAFF16A5E /* macchiato_pic_2_square.png in Resources */ = {isa = PBXBuildFile; fileRef = 6CB4352820CA40D2BF61DC90 /* macchiato_pic_2_square.png */; };
		78A0D6D4901F465D9B21E752 /* macchiato_pic_3_square.png in Resources */ = {isa = PBXBuildFile; fileRef = 7D7F307674954041AF277749 /* macchiato_pic_3_square.png */; };
		0DDAAAC5289E46E7AF89A175 /* robusta_coffee_beans_portrait.png in Resources */ = {isa = PBXBuildFile; fileRef = 8331A205FB1941DDA0D5B187 /* robusta_coffee_beans_portrait.png */; };
		8FC1CEB338924BCDB88D2942 /* robusta_coffee_beans_square.png in Resources */ = {isa = PBXBuildFile; fileRef = 7E043A68E08645B4B2BF1CA1 /* robusta_coffee_beans_square.png */; };
/* End PBXBuildFile section */

/* Begin PBXContainerItemProxy section */
		00E356F41AD99517003FC87E /* PBXContainerItemProxy */ = {
			isa = PBXContainerItemProxy;
			containerPortal = 83CBB9F71A601CBA00E9B192 /* Project object */;
			proxyType = 1;
			remoteGlobalIDString = 13B07F861A680F5B00A75B9A;
			remoteInfo = p02_coffee_shop;
		};
/* End PBXContainerItemProxy section */

/* Begin PBXFileReference section */
		00E356EE1AD99517003FC87E /* p02_coffee_shopTests.xctest */ = {isa = PBXFileReference; explicitFileType = wrapper.cfbundle; includeInIndex = 0; path = p02_coffee_shopTests.xctest; sourceTree = BUILT_PRODUCTS_DIR; };
		00E356F11AD99517003FC87E /* Info.plist */ = {isa = PBXFileReference; lastKnownFileType = text.plist.xml; path = Info.plist; sourceTree = "<group>"; };
		00E356F21AD99517003FC87E /* p02_coffee_shopTests.m */ = {isa = PBXFileReference; lastKnownFileType = sourcecode.c.objc; path = p02_coffee_shopTests.m; sourceTree = "<group>"; };
		13B07F961A680F5B00A75B9A /* p02_coffee_shop.app */ = {isa = PBXFileReference; explicitFileType = wrapper.application; includeInIndex = 0; path = p02_coffee_shop.app; sourceTree = BUILT_PRODUCTS_DIR; };
		13B07FAF1A68108700A75B9A /* AppDelegate.h */ = {isa = PBXFileReference; fileEncoding = 4; lastKnownFileType = sourcecode.c.h; name = AppDelegate.h; path = p02_coffee_shop/AppDelegate.h; sourceTree = "<group>"; };
		13B07FB01A68108700A75B9A /* AppDelegate.mm */ = {isa = PBXFileReference; fileEncoding = 4; lastKnownFileType = sourcecode.cpp.objcpp; name = AppDelegate.mm; path = p02_coffee_shop/AppDelegate.mm; sourceTree = "<group>"; };
		13B07FB51A68108700A75B9A /* Images.xcassets */ = {isa = PBXFileReference; lastKnownFileType = folder.assetcatalog; name = Images.xcassets; path = p02_coffee_shop/Images.xcassets; sourceTree = "<group>"; };
		13B07FB61A68108700A75B9A /* Info.plist */ = {isa = PBXFileReference; fileEncoding = 4; lastKnownFileType = text.plist.xml; name = Info.plist; path = p02_coffee_shop/Info.plist; sourceTree = "<group>"; };
		13B07FB71A68108700A75B9A /* main.m */ = {isa = PBXFileReference; fileEncoding = 4; lastKnownFileType = sourcecode.c.objc; name = main.m; path = p02_coffee_shop/main.m; sourceTree = "<group>"; };
		13B07FB81A68108700A75B9A /* PrivacyInfo.xcprivacy */ = {isa = PBXFileReference; fileEncoding = 4; lastKnownFileType = text.plist.xml; name = PrivacyInfo.xcprivacy; path = p02_coffee_shop/PrivacyInfo.xcprivacy; sourceTree = "<group>"; };
		19F6CBCC0A4E27FBF8BF4A61 /* libPods-p02_coffee_shop-p02_coffee_shopTests.a */ = {isa = PBXFileReference; explicitFileType = archive.ar; includeInIndex = 0; path = "libPods-p02_coffee_shop-p02_coffee_shopTests.a"; sourceTree = BUILT_PRODUCTS_DIR; };
		3B4392A12AC88292D35C810B /* Pods-p02_coffee_shop.debug.xcconfig */ = {isa = PBXFileReference; includeInIndex = 1; lastKnownFileType = text.xcconfig; name = "Pods-p02_coffee_shop.debug.xcconfig"; path = "Target Support Files/Pods-p02_coffee_shop/Pods-p02_coffee_shop.debug.xcconfig"; sourceTree = "<group>"; };
		5709B34CF0A7D63546082F79 /* Pods-p02_coffee_shop.release.xcconfig */ = {isa = PBXFileReference; includeInIndex = 1; lastKnownFileType = text.xcconfig; name = "Pods-p02_coffee_shop.release.xcconfig"; path = "Target Support Files/Pods-p02_coffee_shop/Pods-p02_coffee_shop.release.xcconfig"; sourceTree = "<group>"; };
		5B7EB9410499542E8C5724F5 /* Pods-p02_coffee_shop-p02_coffee_shopTests.debug.xcconfig */ = {isa = PBXFileReference; includeInIndex = 1; lastKnownFileType = text.xcconfig; name = "Pods-p02_coffee_shop-p02_coffee_shopTests.debug.xcconfig"; path = "Target Support Files/Pods-p02_coffee_shop-p02_coffee_shopTests/Pods-p02_coffee_shop-p02_coffee_shopTests.debug.xcconfig"; sourceTree = "<group>"; };
		5DCACB8F33CDC322A6C60F78 /* libPods-p02_coffee_shop.a */ = {isa = PBXFileReference; explicitFileType = archive.ar; includeInIndex = 0; path = "libPods-p02_coffee_shop.a"; sourceTree = BUILT_PRODUCTS_DIR; };
		81AB9BB72411601600AC10FF /* LaunchScreen.storyboard */ = {isa = PBXFileReference; fileEncoding = 4; lastKnownFileType = file.storyboard; name = LaunchScreen.storyboard; path = p02_coffee_shop/LaunchScreen.storyboard; sourceTree = "<group>"; };
		89C6BE57DB24E9ADA2F236DE /* Pods-p02_coffee_shop-p02_coffee_shopTests.release.xcconfig */ = {isa = PBXFileReference; includeInIndex = 1; lastKnownFileType = text.xcconfig; name = "Pods-p02_coffee_shop-p02_coffee_shopTests.release.xcconfig"; path = "Target Support Files/Pods-p02_coffee_shop-p02_coffee_shopTests/Pods-p02_coffee_shop-p02_coffee_shopTests.release.xcconfig"; sourceTree = "<group>"; };
		ED297162215061F000B7C4FE /* JavaScriptCore.framework */ = {isa = PBXFileReference; lastKnownFileType = wrapper.framework; name = JavaScriptCore.framework; path = System/Library/Frameworks/JavaScriptCore.framework; sourceTree = SDKROOT; };
		A0D15F13C124462989FF6512 /* app_icons.ttf */ = {isa = PBXFileReference; name = "app_icons.ttf"; path = "../src/assets/fonts/app_icons.ttf"; sourceTree = "<group>"; fileEncoding = undefined; lastKnownFileType = unknown; explicitFileType = undefined; includeInIndex = 0; };
		5783005D5D3047A79A4DC9A1 /* Poppins-Black.ttf */ = {isa = PBXFileReference; name = "Poppins-Black.ttf"; path = "../src/assets/fonts/Poppins-Black.ttf"; sourceTree = "<group>"; fileEncoding = undefined; lastKnownFileType = unknown; explicitFileType = undefined; includeInIndex = 0; };
		9736534C6D5E4E7C81DAA073 /* Poppins-Bold.ttf */ = {isa = PBXFileReference; name = "Poppins-Bold.ttf"; path = "../src/assets/fonts/Poppins-Bold.ttf"; sourceTree = "<group>"; fileEncoding = undefined; lastKnownFileType = unknown; explicitFileType = undefined; includeInIndex = 0; };
		D931D9B76F394C8BBC313425 /* Poppins-ExtraBold.ttf */ = {isa = PBXFileReference; name = "Poppins-ExtraBold.ttf"; path = "../src/assets/fonts/Poppins-ExtraBold.ttf"; sourceTree = "<group>"; fileEncoding = undefined; lastKnownFileType = unknown; explicitFileType = undefined; includeInIndex = 0; };
		7243A126EF384EC6A1A1FC26 /* Poppins-ExtraLight.ttf */ = {isa = PBXFileReference; name = "Poppins-ExtraLight.ttf"; path = "../src/assets/fonts/Poppins-ExtraLight.ttf"; sourceTree = "<group>"; fileEncoding = undefined; lastKnownFileType = unknown; explicitFileType = undefined; includeInIndex = 0; };
		D7C3B35377E04A9484686BB6 /* Poppins-Light.ttf */ = {isa = PBXFileReference; name = "Poppins-Light.ttf"; path = "../src/assets/fonts/Poppins-Light.ttf"; sourceTree = "<group>"; fileEncoding = undefined; lastKnownFileType = unknown; explicitFileType = undefined; includeInIndex = 0; };
		591A17DF8CE7469085229C2B /* Poppins-Medium.ttf */ = {isa = PBXFileReference; name = "Poppins-Medium.ttf"; path = "../src/assets/fonts/Poppins-Medium.ttf"; sourceTree = "<group>"; fileEncoding = undefined; lastKnownFileType = unknown; explicitFileType = undefined; includeInIndex = 0; };
		204D9ABC0DAE47A7B7CB337F /* Poppins-Regular.ttf */ = {isa = PBXFileReference; name = "Poppins-Regular.ttf"; path = "../src/assets/fonts/Poppins-Regular.ttf"; sourceTree = "<group>"; fileEncoding = undefined; lastKnownFileType = unknown; explicitFileType = undefined; includeInIndex = 0; };
		3E92F1EDEAE841A8A9661A53 /* Poppins-SemiBold.ttf */ = {isa = PBXFileReference; name = "Poppins-SemiBold.ttf"; path = "../src/assets/fonts/Poppins-SemiBold.ttf"; sourceTree = "<group>"; fileEncoding = undefined; lastKnownFileType = unknown; explicitFileType = undefined; includeInIndex = 0; };
		648CAE610E284BE092EF5A94 /* Poppins-Thin.ttf */ = {isa = PBXFileReference; name = "Poppins-Thin.ttf"; path = "../src/assets/fonts/Poppins-Thin.ttf"; sourceTree = "<group>"; fileEncoding = undefined; lastKnownFileType = unknown; explicitFileType = undefined; includeInIndex = 0; };
		BE72DEBAEB824AEDACB10683 /* amazonpay.png */ = {isa = PBXFileReference; name = "amazonpay.png"; path = "../src/assets/app_images/amazonpay.png"; sourceTree = "<group>"; fileEncoding = undefined; lastKnownFileType = unknown; explicitFileType = undefined; includeInIndex = 0; };
		94AB2A52BA204E25BAFAB73F /* applepay.png */ = {isa = PBXFileReference; name = "applepay.png"; path = "../src/assets/app_images/applepay.png"; sourceTree = "<group>"; fileEncoding = undefined; lastKnownFileType = unknown; explicitFileType = undefined; includeInIndex = 0; };
		2D3E5E9AEDC646EE97BAC6C8 /* avatar.png */ = {isa = PBXFileReference; name = "avatar.png"; path = "../src/assets/app_images/avatar.png"; sourceTree = "<group>"; fileEncoding = undefined; lastKnownFileType = unknown; explicitFileType = undefined; includeInIndex = 0; };
		CC48E7D2BC364FD5A7DD0133 /* gpay.png */ = {isa = PBXFileReference; name = "gpay.png"; path = "../src/assets/app_images/gpay.png"; sourceTree = "<group>"; fileEncoding = undefined; lastKnownFileType = unknown; explicitFileType = undefined; includeInIndex = 0; };
		D62C8804218A4EC9874D1DE2 /* americano_pic_1_portrait.png */ = {isa = PBXFileReference; name = "americano_pic_1_portrait.png"; path = "../src/assets/coffee_assets/americano/portrait/americano_pic_1_portrait.png"; sourceTree = "<group>"; fileEncoding = undefined; lastKnownFileType = unknown; explicitFileType = undefined; includeInIndex = 0; };
		F810FD50AEC8444395CCDE13 /* americano_pic_2_portrait.png */ = {isa = PBXFileReference; name = "americano_pic_2_portrait.png"; path = "../src/assets/coffee_assets/americano/portrait/americano_pic_2_portrait.png"; sourceTree = "<group>"; fileEncoding = undefined; lastKnownFileType = unknown; explicitFileType = undefined; includeInIndex = 0; };
		DF6AB31794934AD98BE452FC /* americano_pic_3_portrait.png */ = {isa = PBXFileReference; name = "americano_pic_3_portrait.png"; path = "../src/assets/coffee_assets/americano/portrait/americano_pic_3_portrait.png"; sourceTree = "<group>"; fileEncoding = undefined; lastKnownFileType = unknown; explicitFileType = undefined; includeInIndex = 0; };
		8C4BEF6BD261464C9DAC76E0 /* americano_pic_1_square.png */ = {isa = PBXFileReference; name = "americano_pic_1_square.png"; path = "../src/assets/coffee_assets/americano/square/americano_pic_1_square.png"; sourceTree = "<group>"; fileEncoding = undefined; lastKnownFileType = unknown; explicitFileType = undefined; includeInIndex = 0; };
		53842EE23BBE4BAA9DA019D3 /* americano_pic_2_square.png */ = {isa = PBXFileReference; name = "americano_pic_2_square.png"; path = "../src/assets/coffee_assets/americano/square/americano_pic_2_square.png"; sourceTree = "<group>"; fileEncoding = undefined; lastKnownFileType = unknown; explicitFileType = undefined; includeInIndex = 0; };
		C8EF9246F6C94D66A81A7AD8 /* americano_pic_3_square.png */ = {isa = PBXFileReference; name = "americano_pic_3_square.png"; path = "../src/assets/coffee_assets/americano/square/americano_pic_3_square.png"; sourceTree = "<group>"; fileEncoding = undefined; lastKnownFileType = unknown; explicitFileType = undefined; includeInIndex = 0; };
		FC3389CB0A8B4B7299EC18C3 /* arabica_coffee_beans_portrait.png */ = {isa = PBXFileReference; name = "arabica_coffee_beans_portrait.png"; path = "../src/assets/coffee_assets/arabica_coffee_beans/arabica_coffee_beans_portrait.png"; sourceTree = "<group>"; fileEncoding = undefined; lastKnownFileType = unknown; explicitFileType = undefined; includeInIndex = 0; };
		5EB4342BE63D4932A3C4B999 /* arabica_coffee_beans_square.png */ = {isa = PBXFileReference; name = "arabica_coffee_beans_square.png"; path = "../src/assets/coffee_assets/arabica_coffee_beans/arabica_coffee_beans_square.png"; sourceTree = "<group>"; fileEncoding = undefined; lastKnownFileType = unknown; explicitFileType = undefined; includeInIndex = 0; };
		DD1F4123A2BA485BAA954CB9 /* black_coffee_pic_1_portrait.png */ = {isa = PBXFileReference; name = "black_coffee_pic_1_portrait.png"; path = "../src/assets/coffee_assets/black_coffee/portrait/black_coffee_pic_1_portrait.png"; sourceTree = "<group>"; fileEncoding = undefined; lastKnownFileType = unknown; explicitFileType = undefined; includeInIndex = 0; };
		929A0E60E3B84DA5B6E64EC8 /* black_coffee_pic_2_portrait.png */ = {isa = PBXFileReference; name = "black_coffee_pic_2_portrait.png"; path = "../src/assets/coffee_assets/black_coffee/portrait/black_coffee_pic_2_portrait.png"; sourceTree = "<group>"; fileEncoding = undefined; lastKnownFileType = unknown; explicitFileType = undefined; includeInIndex = 0; };
		C7E80741A5D24716AD243FB2 /* black_coffee_pic_3_portrait.png */ = {isa = PBXFileReference; name = "black_coffee_pic_3_portrait.png"; path = "../src/assets/coffee_assets/black_coffee/portrait/black_coffee_pic_3_portrait.png"; sourceTree = "<group>"; fileEncoding = undefined; lastKnownFileType = unknown; explicitFileType = undefined; includeInIndex = 0; };
		F160C69DDBD74097993E02F3 /* black_coffee_pic_1_square.png */ = {isa = PBXFileReference; name = "black_coffee_pic_1_square.png"; path = "../src/assets/coffee_assets/black_coffee/square/black_coffee_pic_1_square.png"; sourceTree = "<group>"; fileEncoding = undefined; lastKnownFileType = unknown; explicitFileType = undefined; includeInIndex = 0; };
		3E15A902BA0D47828425EB4F /* black_coffee_pic_2_square.png */ = {isa = PBXFileReference; name = "black_coffee_pic_2_square.png"; path = "../src/assets/coffee_assets/black_coffee/square/black_coffee_pic_2_square.png"; sourceTree = "<group>"; fileEncoding = undefined; lastKnownFileType = unknown; explicitFileType = undefined; includeInIndex = 0; };
		0D46AA4840C544D08EF5E680 /* black_coffee_pic_3_square.png */ = {isa = PBXFileReference; name = "black_coffee_pic_3_square.png"; path = "../src/assets/coffee_assets/black_coffee/square/black_coffee_pic_3_square.png"; sourceTree = "<group>"; fileEncoding = undefined; lastKnownFileType = unknown; explicitFileType = undefined; includeInIndex = 0; };
		B296C79F417F4539B49657C6 /* cappuccino_pic_1_portrait.png */ = {isa = PBXFileReference; name = "cappuccino_pic_1_portrait.png"; path = "../src/assets/coffee_assets/cappuccino/portrait/cappuccino_pic_1_portrait.png"; sourceTree = "<group>"; fileEncoding = undefined; lastKnownFileType = unknown; explicitFileType = undefined; includeInIndex = 0; };
		91BF983A2D8F4C7E97176595 /* cappuccino_pic_2_portrait.png */ = {isa = PBXFileReference; name = "cappuccino_pic_2_portrait.png"; path = "../src/assets/coffee_assets/cappuccino/portrait/cappuccino_pic_2_portrait.png"; sourceTree = "<group>"; fileEncoding = undefined; lastKnownFileType = unknown; explicitFileType = undefined; includeInIndex = 0; };
		ADFB1BA04D6C473A91007666 /* cappuccino_pic_3_portrait.png */ = {isa = PBXFileReference; name = "cappuccino_pic_3_portrait.png"; path = "../src/assets/coffee_assets/cappuccino/portrait/cappuccino_pic_3_portrait.png"; sourceTree = "<group>"; fileEncoding = undefined; lastKnownFileType = unknown; explicitFileType = undefined; includeInIndex = 0; };
		6CAB7F28CB384D6D91444C2C /* cappuccino_pic_1_square.png */ = {isa = PBXFileReference; name = "cappuccino_pic_1_square.png"; path = "../src/assets/coffee_assets/cappuccino/square/cappuccino_pic_1_square.png"; sourceTree = "<group>"; fileEncoding = undefined; lastKnownFileType = unknown; explicitFileType = undefined; includeInIndex = 0; };
		B1B644FEBEFD4BD1AD41B8D7 /* cappuccino_pic_2_square.png */ = {isa = PBXFileReference; name = "cappuccino_pic_2_square.png"; path = "../src/assets/coffee_assets/cappuccino/square/cappuccino_pic_2_square.png"; sourceTree = "<group>"; fileEncoding = undefined; lastKnownFileType = unknown; explicitFileType = undefined; includeInIndex = 0; };
		7D4DF65902084A26ABB15C8C /* cappuccino_pic_3_square.png */ = {isa = PBXFileReference; name = "cappuccino_pic_3_square.png"; path = "../src/assets/coffee_assets/cappuccino/square/cappuccino_pic_3_square.png"; sourceTree = "<group>"; fileEncoding = undefined; lastKnownFileType = unknown; explicitFileType = undefined; includeInIndex = 0; };
		91551248B35A4D78A9682170 /* espresso_pic_1_portrait.png */ = {isa = PBXFileReference; name = "espresso_pic_1_portrait.png"; path = "../src/assets/coffee_assets/espresso/portrait/espresso_pic_1_portrait.png"; sourceTree = "<group>"; fileEncoding = undefined; lastKnownFileType = unknown; explicitFileType = undefined; includeInIndex = 0; };
		0ED81175B2AA4BF1851569C1 /* espresso_pic_2_portrait.png */ = {isa = PBXFileReference; name = "espresso_pic_2_portrait.png"; path = "../src/assets/coffee_assets/espresso/portrait/espresso_pic_2_portrait.png"; sourceTree = "<group>"; fileEncoding = undefined; lastKnownFileType = unknown; explicitFileType = undefined; includeInIndex = 0; };
		B71B6B2EA3E0497A8CBB71DD /* espresso_pic_3_portrait.png */ = {isa = PBXFileReference; name = "espresso_pic_3_portrait.png"; path = "../src/assets/coffee_assets/espresso/portrait/espresso_pic_3_portrait.png"; sourceTree = "<group>"; fileEncoding = undefined; lastKnownFileType = unknown; explicitFileType = undefined; includeInIndex = 0; };
		E4D14D18C1C644A9A613B107 /* espresso_pic_1_square.png */ = {isa = PBXFileReference; name = "espresso_pic_1_square.png"; path = "../src/assets/coffee_assets/espresso/square/espresso_pic_1_square.png"; sourceTree = "<group>"; fileEncoding = undefined; lastKnownFileType = unknown; explicitFileType = undefined; includeInIndex = 0; };
		090DF3BAA9C444EEB28BB862 /* espresso_pic_2_square.png */ = {isa = PBXFileReference; name = "espresso_pic_2_square.png"; path = "../src/assets/coffee_assets/espresso/square/espresso_pic_2_square.png"; sourceTree = "<group>"; fileEncoding = undefined; lastKnownFileType = unknown; explicitFileType = undefined; includeInIndex = 0; };
		D7381D8DE18744158531790B /* espresso_pic_3_square.png */ = {isa = PBXFileReference; name = "espresso_pic_3_square.png"; path = "../src/assets/coffee_assets/espresso/square/espresso_pic_3_square.png"; sourceTree = "<group>"; fileEncoding = undefined; lastKnownFileType = unknown; explicitFileType = undefined; includeInIndex = 0; };
		BE899CB64DFD40D4B0103501 /* excelsa_coffee_beans_portrait.png */ = {isa = PBXFileReference; name = "excelsa_coffee_beans_portrait.png"; path = "../src/assets/coffee_assets/excelsa_coffee_beans/excelsa_coffee_beans_portrait.png"; sourceTree = "<group>"; fileEncoding = undefined; lastKnownFileType = unknown; explicitFileType = undefined; includeInIndex = 0; };
		D1F0AD0309DF4B65824DD14A /* excelsa_coffee_beans_square.png */ = {isa = PBXFileReference; name = "excelsa_coffee_beans_square.png"; path = "../src/assets/coffee_assets/excelsa_coffee_beans/excelsa_coffee_beans_square.png"; sourceTree = "<group>"; fileEncoding = undefined; lastKnownFileType = unknown; explicitFileType = undefined; includeInIndex = 0; };
		1E440138A5E44156BFD7747B /* latte_pic_1_portrait.png */ = {isa = PBXFileReference; name = "latte_pic_1_portrait.png"; path = "../src/assets/coffee_assets/latte/portrait/latte_pic_1_portrait.png"; sourceTree = "<group>"; fileEncoding = undefined; lastKnownFileType = unknown; explicitFileType = undefined; includeInIndex = 0; };
		D673E3E84A7D4F8099182E1A /* latte_pic_2_portrait.png */ = {isa = PBXFileReference; name = "latte_pic_2_portrait.png"; path = "../src/assets/coffee_assets/latte/portrait/latte_pic_2_portrait.png"; sourceTree = "<group>"; fileEncoding = undefined; lastKnownFileType = unknown; explicitFileType = undefined; includeInIndex = 0; };
		64F04AEF40D243E3AD118DDF /* latte_pic_3_portrait.png */ = {isa = PBXFileReference; name = "latte_pic_3_portrait.png"; path = "../src/assets/coffee_assets/latte/portrait/latte_pic_3_portrait.png"; sourceTree = "<group>"; fileEncoding = undefined; lastKnownFileType = unknown; explicitFileType = undefined; includeInIndex = 0; };
		1E78FB71F4BF47E7A5C07E2B /* latte_pic_1_square.png */ = {isa = PBXFileReference; name = "latte_pic_1_square.png"; path = "../src/assets/coffee_assets/latte/square/latte_pic_1_square.png"; sourceTree = "<group>"; fileEncoding = undefined; lastKnownFileType = unknown; explicitFileType = undefined; includeInIndex = 0; };
		85CFE099FFF24EC291A971A6 /* latte_pic_2_square.png */ = {isa = PBXFileReference; name = "latte_pic_2_square.png"; path = "../src/assets/coffee_assets/latte/square/latte_pic_2_square.png"; sourceTree = "<group>"; fileEncoding = undefined; lastKnownFileType = unknown; explicitFileType = undefined; includeInIndex = 0; };
		DD2599923F074ABFB127796A /* latte_pic_3_square.png */ = {isa = PBXFileReference; name = "latte_pic_3_square.png"; path = "../src/assets/coffee_assets/latte/square/latte_pic_3_square.png"; sourceTree = "<group>"; fileEncoding = undefined; lastKnownFileType = unknown; explicitFileType = undefined; includeInIndex = 0; };
		58954F29B31343F9B2CEA53D /* liberica_coffee_beans_portrait.png */ = {isa = PBXFileReference; name = "liberica_coffee_beans_portrait.png"; path = "../src/assets/coffee_assets/liberica_coffee_beans/liberica_coffee_beans_portrait.png"; sourceTree = "<group>"; fileEncoding = undefined; lastKnownFileType = unknown; explicitFileType = undefined; includeInIndex = 0; };
		88B9CBDF3EA04ECE83C8623E /* liberica_coffee_beans_square.png */ = {isa = PBXFileReference; name = "liberica_coffee_beans_square.png"; path = "../src/assets/coffee_assets/liberica_coffee_beans/liberica_coffee_beans_square.png"; sourceTree = "<group>"; fileEncoding = undefined; lastKnownFileType = unknown; explicitFileType = undefined; includeInIndex = 0; };
		58FBEDEEE6384F34B02C362D /* macchiato_pic_1_portrait.png */ = {isa = PBXFileReference; name = "macchiato_pic_1_portrait.png"; path = "../src/assets/coffee_assets/macchiato/portrait/macchiato_pic_1_portrait.png"; sourceTree = "<group>"; fileEncoding = undefined; lastKnownFileType = unknown; explicitFileType = undefined; includeInIndex = 0; };
		855BEDF68D4E4E0B8959D155 /* macchiato_pic_2_portrait.png */ = {isa = PBXFileReference; name = "macchiato_pic_2_portrait.png"; path = "../src/assets/coffee_assets/macchiato/portrait/macchiato_pic_2_portrait.png"; sourceTree = "<group>"; fileEncoding = undefined; lastKnownFileType = unknown; explicitFileType = undefined; includeInIndex = 0; };
		A24C674FF01F48B3B16C4201 /* macchiato_pic_3_portrait.png */ = {isa = PBXFileReference; name = "macchiato_pic_3_portrait.png"; path = "../src/assets/coffee_assets/macchiato/portrait/macchiato_pic_3_portrait.png"; sourceTree = "<group>"; fileEncoding = undefined; lastKnownFileType = unknown; explicitFileType = undefined; includeInIndex = 0; };
		DFD1A2AD634D4CCFA641D920 /* macchiato_pic_1_square.png */ = {isa = PBXFileReference; name = "macchiato_pic_1_square.png"; path = "../src/assets/coffee_assets/macchiato/square/macchiato_pic_1_square.png"; sourceTree = "<group>"; fileEncoding = undefined; lastKnownFileType = unknown; explicitFileType = undefined; includeInIndex = 0; };
		6CB4352820CA40D2BF61DC90 /* macchiato_pic_2_square.png */ = {isa = PBXFileReference; name = "macchiato_pic_2_square.png"; path = "../src/assets/coffee_assets/macchiato/square/macchiato_pic_2_square.png"; sourceTree = "<group>"; fileEncoding = undefined; lastKnownFileType = unknown; explicitFileType = undefined; includeInIndex = 0; };
		7D7F307674954041AF277749 /* macchiato_pic_3_square.png */ = {isa = PBXFileReference; name = "macchiato_pic_3_square.png"; path = "../src/assets/coffee_assets/macchiato/square/macchiato_pic_3_square.png"; sourceTree = "<group>"; fileEncoding = undefined; lastKnownFileType = unknown; explicitFileType = undefined; includeInIndex = 0; };
		8331A205FB1941DDA0D5B187 /* robusta_coffee_beans_portrait.png */ = {isa = PBXFileReference; name = "robusta_coffee_beans_portrait.png"; path = "../src/assets/coffee_assets/robusta_coffee_beans/robusta_coffee_beans_portrait.png"; sourceTree = "<group>"; fileEncoding = undefined; lastKnownFileType = unknown; explicitFileType = undefined; includeInIndex = 0; };
		7E043A68E08645B4B2BF1CA1 /* robusta_coffee_beans_square.png */ = {isa = PBXFileReference; name = "robusta_coffee_beans_square.png"; path = "../src/assets/coffee_assets/robusta_coffee_beans/robusta_coffee_beans_square.png"; sourceTree = "<group>"; fileEncoding = undefined; lastKnownFileType = unknown; explicitFileType = undefined; includeInIndex = 0; };
/* End PBXFileReference section */

/* Begin PBXFrameworksBuildPhase section */
		00E356EB1AD99517003FC87E /* Frameworks */ = {
			isa = PBXFrameworksBuildPhase;
			buildActionMask = 2147483647;
			files = (
				7699B88040F8A987B510C191 /* libPods-p02_coffee_shop-p02_coffee_shopTests.a in Frameworks */,
			);
			runOnlyForDeploymentPostprocessing = 0;
		};
		13B07F8C1A680F5B00A75B9A /* Frameworks */ = {
			isa = PBXFrameworksBuildPhase;
			buildActionMask = 2147483647;
			files = (
				0C80B921A6F3F58F76C31292 /* libPods-p02_coffee_shop.a in Frameworks */,
			);
			runOnlyForDeploymentPostprocessing = 0;
		};
/* End PBXFrameworksBuildPhase section */

/* Begin PBXGroup section */
		00E356EF1AD99517003FC87E /* p02_coffee_shopTests */ = {
			isa = PBXGroup;
			children = (
				00E356F21AD99517003FC87E /* p02_coffee_shopTests.m */,
				00E356F01AD99517003FC87E /* Supporting Files */,
			);
			path = p02_coffee_shopTests;
			sourceTree = "<group>";
		};
		00E356F01AD99517003FC87E /* Supporting Files */ = {
			isa = PBXGroup;
			children = (
				00E356F11AD99517003FC87E /* Info.plist */,
			);
			name = "Supporting Files";
			sourceTree = "<group>";
		};
		13B07FAE1A68108700A75B9A /* p02_coffee_shop */ = {
			isa = PBXGroup;
			children = (
				13B07FAF1A68108700A75B9A /* AppDelegate.h */,
				13B07FB01A68108700A75B9A /* AppDelegate.mm */,
				13B07FB51A68108700A75B9A /* Images.xcassets */,
				13B07FB61A68108700A75B9A /* Info.plist */,
				81AB9BB72411601600AC10FF /* LaunchScreen.storyboard */,
				13B07FB71A68108700A75B9A /* main.m */,
				13B07FB81A68108700A75B9A /* PrivacyInfo.xcprivacy */,
			);
			name = p02_coffee_shop;
			sourceTree = "<group>";
		};
		2D16E6871FA4F8E400B85C8A /* Frameworks */ = {
			isa = PBXGroup;
			children = (
				ED297162215061F000B7C4FE /* JavaScriptCore.framework */,
				5DCACB8F33CDC322A6C60F78 /* libPods-p02_coffee_shop.a */,
				19F6CBCC0A4E27FBF8BF4A61 /* libPods-p02_coffee_shop-p02_coffee_shopTests.a */,
			);
			name = Frameworks;
			sourceTree = "<group>";
		};
		832341AE1AAA6A7D00B99B32 /* Libraries */ = {
			isa = PBXGroup;
			children = (
			);
			name = Libraries;
			sourceTree = "<group>";
		};
		83CBB9F61A601CBA00E9B192 = {
			isa = PBXGroup;
			children = (
				13B07FAE1A68108700A75B9A /* p02_coffee_shop */,
				832341AE1AAA6A7D00B99B32 /* Libraries */,
				00E356EF1AD99517003FC87E /* p02_coffee_shopTests */,
				83CBBA001A601CBA00E9B192 /* Products */,
				2D16E6871FA4F8E400B85C8A /* Frameworks */,
				BBD78D7AC51CEA395F1C20DB /* Pods */,
				77EEB5D233104306BE6860D1 /* Resources */,
			);
			indentWidth = 2;
			sourceTree = "<group>";
			tabWidth = 2;
			usesTabs = 0;
		};
		83CBBA001A601CBA00E9B192 /* Products */ = {
			isa = PBXGroup;
			children = (
				13B07F961A680F5B00A75B9A /* p02_coffee_shop.app */,
				00E356EE1AD99517003FC87E /* p02_coffee_shopTests.xctest */,
			);
			name = Products;
			sourceTree = "<group>";
		};
		BBD78D7AC51CEA395F1C20DB /* Pods */ = {
			isa = PBXGroup;
			children = (
				3B4392A12AC88292D35C810B /* Pods-p02_coffee_shop.debug.xcconfig */,
				5709B34CF0A7D63546082F79 /* Pods-p02_coffee_shop.release.xcconfig */,
				5B7EB9410499542E8C5724F5 /* Pods-p02_coffee_shop-p02_coffee_shopTests.debug.xcconfig */,
				89C6BE57DB24E9ADA2F236DE /* Pods-p02_coffee_shop-p02_coffee_shopTests.release.xcconfig */,
			);
			path = Pods;
			sourceTree = "<group>";
		};
		77EEB5D233104306BE6860D1 /* Resources */ = {
			isa = "PBXGroup";
			children = (
				A0D15F13C124462989FF6512 /* app_icons.ttf */,
				5783005D5D3047A79A4DC9A1 /* Poppins-Black.ttf */,
				9736534C6D5E4E7C81DAA073 /* Poppins-Bold.ttf */,
				D931D9B76F394C8BBC313425 /* Poppins-ExtraBold.ttf */,
				7243A126EF384EC6A1A1FC26 /* Poppins-ExtraLight.ttf */,
				D7C3B35377E04A9484686BB6 /* Poppins-Light.ttf */,
				591A17DF8CE7469085229C2B /* Poppins-Medium.ttf */,
				204D9ABC0DAE47A7B7CB337F /* Poppins-Regular.ttf */,
				3E92F1EDEAE841A8A9661A53 /* Poppins-SemiBold.ttf */,
				648CAE610E284BE092EF5A94 /* Poppins-Thin.ttf */,
				BE72DEBAEB824AEDACB10683 /* amazonpay.png */,
				94AB2A52BA204E25BAFAB73F /* applepay.png */,
				2D3E5E9AEDC646EE97BAC6C8 /* avatar.png */,
				CC48E7D2BC364FD5A7DD0133 /* gpay.png */,
				D62C8804218A4EC9874D1DE2 /* americano_pic_1_portrait.png */,
				F810FD50AEC8444395CCDE13 /* americano_pic_2_portrait.png */,
				DF6AB31794934AD98BE452FC /* americano_pic_3_portrait.png */,
				8C4BEF6BD261464C9DAC76E0 /* americano_pic_1_square.png */,
				53842EE23BBE4BAA9DA019D3 /* americano_pic_2_square.png */,
				C8EF9246F6C94D66A81A7AD8 /* americano_pic_3_square.png */,
				FC3389CB0A8B4B7299EC18C3 /* arabica_coffee_beans_portrait.png */,
				5EB4342BE63D4932A3C4B999 /* arabica_coffee_beans_square.png */,
				DD1F4123A2BA485BAA954CB9 /* black_coffee_pic_1_portrait.png */,
				929A0E60E3B84DA5B6E64EC8 /* black_coffee_pic_2_portrait.png */,
				C7E80741A5D24716AD243FB2 /* black_coffee_pic_3_portrait.png */,
				F160C69DDBD74097993E02F3 /* black_coffee_pic_1_square.png */,
				3E15A902BA0D47828425EB4F /* black_coffee_pic_2_square.png */,
				0D46AA4840C544D08EF5E680 /* black_coffee_pic_3_square.png */,
				B296C79F417F4539B49657C6 /* cappuccino_pic_1_portrait.png */,
				91BF983A2D8F4C7E97176595 /* cappuccino_pic_2_portrait.png */,
				ADFB1BA04D6C473A91007666 /* cappuccino_pic_3_portrait.png */,
				6CAB7F28CB384D6D91444C2C /* cappuccino_pic_1_square.png */,
				B1B644FEBEFD4BD1AD41B8D7 /* cappuccino_pic_2_square.png */,
				7D4DF65902084A26ABB15C8C /* cappuccino_pic_3_square.png */,
				91551248B35A4D78A9682170 /* espresso_pic_1_portrait.png */,
				0ED81175B2AA4BF1851569C1 /* espresso_pic_2_portrait.png */,
				B71B6B2EA3E0497A8CBB71DD /* espresso_pic_3_portrait.png */,
				E4D14D18C1C644A9A613B107 /* espresso_pic_1_square.png */,
				090DF3BAA9C444EEB28BB862 /* espresso_pic_2_square.png */,
				D7381D8DE18744158531790B /* espresso_pic_3_square.png */,
				BE899CB64DFD40D4B0103501 /* excelsa_coffee_beans_portrait.png */,
				D1F0AD0309DF4B65824DD14A /* excelsa_coffee_beans_square.png */,
				1E440138A5E44156BFD7747B /* latte_pic_1_portrait.png */,
				D673E3E84A7D4F8099182E1A /* latte_pic_2_portrait.png */,
				64F04AEF40D243E3AD118DDF /* latte_pic_3_portrait.png */,
				1E78FB71F4BF47E7A5C07E2B /* latte_pic_1_square.png */,
				85CFE099FFF24EC291A971A6 /* latte_pic_2_square.png */,
				DD2599923F074ABFB127796A /* latte_pic_3_square.png */,
				58954F29B31343F9B2CEA53D /* liberica_coffee_beans_portrait.png */,
				88B9CBDF3EA04ECE83C8623E /* liberica_coffee_beans_square.png */,
				58FBEDEEE6384F34B02C362D /* macchiato_pic_1_portrait.png */,
				855BEDF68D4E4E0B8959D155 /* macchiato_pic_2_portrait.png */,
				A24C674FF01F48B3B16C4201 /* macchiato_pic_3_portrait.png */,
				DFD1A2AD634D4CCFA641D920 /* macchiato_pic_1_square.png */,
				6CB4352820CA40D2BF61DC90 /* macchiato_pic_2_square.png */,
				7D7F307674954041AF277749 /* macchiato_pic_3_square.png */,
				8331A205FB1941DDA0D5B187 /* robusta_coffee_beans_portrait.png */,
				7E043A68E08645B4B2BF1CA1 /* robusta_coffee_beans_square.png */,
			);
			name = Resources;
			sourceTree = "<group>";
			path = "";
		};
/* End PBXGroup section */

/* Begin PBXNativeTarget section */
		00E356ED1AD99517003FC87E /* p02_coffee_shopTests */ = {
			isa = PBXNativeTarget;
			buildConfigurationList = 00E357021AD99517003FC87E /* Build configuration list for PBXNativeTarget "p02_coffee_shopTests" */;
			buildPhases = (
				A55EABD7B0C7F3A422A6CC61 /* [CP] Check Pods Manifest.lock */,
				00E356EA1AD99517003FC87E /* Sources */,
				00E356EB1AD99517003FC87E /* Frameworks */,
				00E356EC1AD99517003FC87E /* Resources */,
				C59DA0FBD6956966B86A3779 /* [CP] Embed Pods Frameworks */,
				F6A41C54EA430FDDC6A6ED99 /* [CP] Copy Pods Resources */,
			);
			buildRules = (
			);
			dependencies = (
				00E356F51AD99517003FC87E /* PBXTargetDependency */,
			);
			name = p02_coffee_shopTests;
			productName = p02_coffee_shopTests;
			productReference = 00E356EE1AD99517003FC87E /* p02_coffee_shopTests.xctest */;
			productType = "com.apple.product-type.bundle.unit-test";
		};
		13B07F861A680F5B00A75B9A /* p02_coffee_shop */ = {
			isa = PBXNativeTarget;
			buildConfigurationList = 13B07F931A680F5B00A75B9A /* Build configuration list for PBXNativeTarget "p02_coffee_shop" */;
			buildPhases = (
				C38B50BA6285516D6DCD4F65 /* [CP] Check Pods Manifest.lock */,
				13B07F871A680F5B00A75B9A /* Sources */,
				13B07F8C1A680F5B00A75B9A /* Frameworks */,
				13B07F8E1A680F5B00A75B9A /* Resources */,
				00DD1BFF1BD5951E006B06BC /* Bundle React Native code and images */,
				00EEFC60759A1932668264C0 /* [CP] Embed Pods Frameworks */,
				E235C05ADACE081382539298 /* [CP] Copy Pods Resources */,
			);
			buildRules = (
			);
			dependencies = (
			);
			name = p02_coffee_shop;
			productName = p02_coffee_shop;
			productReference = 13B07F961A680F5B00A75B9A /* p02_coffee_shop.app */;
			productType = "com.apple.product-type.application";
		};
/* End PBXNativeTarget section */

/* Begin PBXProject section */
		83CBB9F71A601CBA00E9B192 /* Project object */ = {
			isa = PBXProject;
			attributes = {
				LastUpgradeCheck = 1210;
				TargetAttributes = {
					00E356ED1AD99517003FC87E = {
						CreatedOnToolsVersion = 6.2;
						TestTargetID = 13B07F861A680F5B00A75B9A;
					};
					13B07F861A680F5B00A75B9A = {
						LastSwiftMigration = 1120;
					};
				};
			};
			buildConfigurationList = 83CBB9FA1A601CBA00E9B192 /* Build configuration list for PBXProject "p02_coffee_shop" */;
			compatibilityVersion = "Xcode 12.0";
			developmentRegion = en;
			hasScannedForEncodings = 0;
			knownRegions = (
				en,
				Base,
			);
			mainGroup = 83CBB9F61A601CBA00E9B192;
			productRefGroup = 83CBBA001A601CBA00E9B192 /* Products */;
			projectDirPath = "";
			projectRoot = "";
			targets = (
				13B07F861A680F5B00A75B9A /* p02_coffee_shop */,
				00E356ED1AD99517003FC87E /* p02_coffee_shopTests */,
			);
		};
/* End PBXProject section */

/* Begin PBXResourcesBuildPhase section */
		00E356EC1AD99517003FC87E /* Resources */ = {
			isa = PBXResourcesBuildPhase;
			buildActionMask = 2147483647;
			files = (
			);
			runOnlyForDeploymentPostprocessing = 0;
		};
		13B07F8E1A680F5B00A75B9A /* Resources */ = {
			isa = PBXResourcesBuildPhase;
			buildActionMask = 2147483647;
			files = (
				81AB9BB82411601600AC10FF /* LaunchScreen.storyboard in Resources */,
				13B07FBF1A68108700A75B9A /* Images.xcassets in Resources */,
				49839FB89EFA440FA7FD7AB6 /* app_icons.ttf in Resources */,
				BD57447B6EDD411B84017FC5 /* Poppins-Black.ttf in Resources */,
				27B0C0EBEF6644E7AD6D8A8A /* Poppins-Bold.ttf in Resources */,
				4B0C29D18DA443808DCB994C /* Poppins-ExtraBold.ttf in Resources */,
				174469DE80154BDFAAF3E796 /* Poppins-ExtraLight.ttf in Resources */,
				14FF17AF672A448FA9167CBD /* Poppins-Light.ttf in Resources */,
				1B595328466F4D548EE66E8D /* Poppins-Medium.ttf in Resources */,
				3AF8A5501980435D8BF54FD6 /* Poppins-Regular.ttf in Resources */,
				F6DCA8F2F7F24A5D9403A949 /* Poppins-SemiBold.ttf in Resources */,
				467669C3F8CC48AAA48D10B5 /* Poppins-Thin.ttf in Resources */,
				B0D8D47109CE4DC0B0E61314 /* amazonpay.png in Resources */,
				7F30D44572D44B8A8895882D /* applepay.png in Resources */,
				932538F0167C4FCFBE4B50DA /* avatar.png in Resources */,
				11EBA02CCD2148B2937F674A /* gpay.png in Resources */,
				175B02A30B7E40B88469DE96 /* americano_pic_1_portrait.png in Resources */,
				7CD3960D718E4A41B48E7A3E /* americano_pic_2_portrait.png in Resources */,
				591995B8C0C84A08BEE3198D /* americano_pic_3_portrait.png in Resources */,
				CE9C1B47173E4E00B22568D9 /* americano_pic_1_square.png in Resources */,
				5F25738C824B47E3A5703A06 /* americano_pic_2_square.png in Resources */,
				3CCE7DAECB1D4F0189BBEF35 /* americano_pic_3_square.png in Resources */,
				484845557BD7460CB1963477 /* arabica_coffee_beans_portrait.png in Resources */,
				F189A5B429AB471EB253055B /* arabica_coffee_beans_square.png in Resources */,
				B98CA75230484918ACD8E2BC /* black_coffee_pic_1_portrait.png in Resources */,
				94377BB9B541461DA276CE13 /* black_coffee_pic_2_portrait.png in Resources */,
				A6615876C6F44131A4250E7D /* black_coffee_pic_3_portrait.png in Resources */,
				8ABC5CBFCF314F9AA157E0D3 /* black_coffee_pic_1_square.png in Resources */,
				9E34E0BD87D540C7A001B3B1 /* black_coffee_pic_2_square.png in Resources */,
				51344C03F96C4D5ABBAC2F78 /* black_coffee_pic_3_square.png in Resources */,
				C5CB707FC6684A459B4B4F19 /* cappuccino_pic_1_portrait.png in Resources */,
				C2323EBD7DD3481AA990BCE5 /* cappuccino_pic_2_portrait.png in Resources */,
				EAFB153B511B41A38C54A9C9 /* cappuccino_pic_3_portrait.png in Resources */,
				10A97971A99B473E8A790F45 /* cappuccino_pic_1_square.png in Resources */,
				17B5DEF4C84B44B0A27645CA /* cappuccino_pic_2_square.png in Resources */,
				6CA570FF5C3E4FAC9C61FCEE /* cappuccino_pic_3_square.png in Resources */,
				6DBF653496BF46649A417543 /* espresso_pic_1_portrait.png in Resources */,
				D3A58CC0765540F281939B56 /* espresso_pic_2_portrait.png in Resources */,
				5A8CC85B527547548B3F32DA /* espresso_pic_3_portrait.png in Resources */,
				7457A9A07C4042A69E01804A /* espresso_pic_1_square.png in Resources */,
				92A769560F9A48C9B8C74A16 /* espresso_pic_2_square.png in Resources */,
				80AE00DBB3854A148F43595E /* espresso_pic_3_square.png in Resources */,
				8206437B5C014DAE85B0818D /* excelsa_coffee_beans_portrait.png in Resources */,
				F477C511656A4499A4A7E476 /* excelsa_coffee_beans_square.png in Resources */,
				88FD19AC278B456BB133F9E0 /* latte_pic_1_portrait.png in Resources */,
				7EABD124A46D410185CD1A64 /* latte_pic_2_portrait.png in Resources */,
				7F7ECB1A53AA458F94E154A9 /* latte_pic_3_portrait.png in Resources */,
				7AF3B445B41C42C5B3965F7B /* latte_pic_1_square.png in Resources */,
				18ED85D051AB4BA485501E5F /* latte_pic_2_square.png in Resources */,
				4874494CB8D144E98AEB1CAE /* latte_pic_3_square.png in Resources */,
				7CFB7001E9A74433ABA3F392 /* liberica_coffee_beans_portrait.png in Resources */,
				EC40921016C74864AB870300 /* liberica_coffee_beans_square.png in Resources */,
				DC39104267D14E688A55E407 /* macchiato_pic_1_portrait.png in Resources */,
				5AD5086B0B1D4487B4BC6D79 /* macchiato_pic_2_portrait.png in Resources */,
				FFEAC49BB3404286A32A4887 /* macchiato_pic_3_portrait.png in Resources */,
				C592BE38E02B461DBD4D5EEF /* macchiato_pic_1_square.png in Resources */,
				EF18E115846B410FAFF16A5E /* macchiato_pic_2_square.png in Resources */,
				78A0D6D4901F465D9B21E752 /* macchiato_pic_3_square.png in Resources */,
				0DDAAAC5289E46E7AF89A175 /* robusta_coffee_beans_portrait.png in Resources */,
				8FC1CEB338924BCDB88D2942 /* robusta_coffee_beans_square.png in Resources */,
			);
			runOnlyForDeploymentPostprocessing = 0;
		};
/* End PBXResourcesBuildPhase section */

/* Begin PBXShellScriptBuildPhase section */
		00DD1BFF1BD5951E006B06BC /* Bundle React Native code and images */ = {
			isa = PBXShellScriptBuildPhase;
			buildActionMask = 2147483647;
			files = (
			);
			inputPaths = (
				"$(SRCROOT)/.xcode.env.local",
				"$(SRCROOT)/.xcode.env",
			);
			name = "Bundle React Native code and images";
			outputPaths = (
			);
			runOnlyForDeploymentPostprocessing = 0;
			shellPath = /bin/sh;
			shellScript = "set -e\n\nWITH_ENVIRONMENT=\"$REACT_NATIVE_PATH/scripts/xcode/with-environment.sh\"\nREACT_NATIVE_XCODE=\"$REACT_NATIVE_PATH/scripts/react-native-xcode.sh\"\n\n/bin/sh -c \"$WITH_ENVIRONMENT $REACT_NATIVE_XCODE\"\n";
		};
		00EEFC60759A1932668264C0 /* [CP] Embed Pods Frameworks */ = {
			isa = PBXShellScriptBuildPhase;
			buildActionMask = 2147483647;
			files = (
			);
			inputFileListPaths = (
				"${PODS_ROOT}/Target Support Files/Pods-p02_coffee_shop/Pods-p02_coffee_shop-frameworks-${CONFIGURATION}-input-files.xcfilelist",
			);
			name = "[CP] Embed Pods Frameworks";
			outputFileListPaths = (
				"${PODS_ROOT}/Target Support Files/Pods-p02_coffee_shop/Pods-p02_coffee_shop-frameworks-${CONFIGURATION}-output-files.xcfilelist",
			);
			runOnlyForDeploymentPostprocessing = 0;
			shellPath = /bin/sh;
			shellScript = "\"${PODS_ROOT}/Target Support Files/Pods-p02_coffee_shop/Pods-p02_coffee_shop-frameworks.sh\"\n";
			showEnvVarsInLog = 0;
		};
		A55EABD7B0C7F3A422A6CC61 /* [CP] Check Pods Manifest.lock */ = {
			isa = PBXShellScriptBuildPhase;
			buildActionMask = 2147483647;
			files = (
			);
			inputFileListPaths = (
			);
			inputPaths = (
				"${PODS_PODFILE_DIR_PATH}/Podfile.lock",
				"${PODS_ROOT}/Manifest.lock",
			);
			name = "[CP] Check Pods Manifest.lock";
			outputFileListPaths = (
			);
			outputPaths = (
				"$(DERIVED_FILE_DIR)/Pods-p02_coffee_shop-p02_coffee_shopTests-checkManifestLockResult.txt",
			);
			runOnlyForDeploymentPostprocessing = 0;
			shellPath = /bin/sh;
			shellScript = "diff \"${PODS_PODFILE_DIR_PATH}/Podfile.lock\" \"${PODS_ROOT}/Manifest.lock\" > /dev/null\nif [ $? != 0 ] ; then\n    # print error to STDERR\n    echo \"error: The sandbox is not in sync with the Podfile.lock. Run 'pod install' or update your CocoaPods installation.\" >&2\n    exit 1\nfi\n# This output is used by Xcode 'outputs' to avoid re-running this script phase.\necho \"SUCCESS\" > \"${SCRIPT_OUTPUT_FILE_0}\"\n";
			showEnvVarsInLog = 0;
		};
		C38B50BA6285516D6DCD4F65 /* [CP] Check Pods Manifest.lock */ = {
			isa = PBXShellScriptBuildPhase;
			buildActionMask = 2147483647;
			files = (
			);
			inputFileListPaths = (
			);
			inputPaths = (
				"${PODS_PODFILE_DIR_PATH}/Podfile.lock",
				"${PODS_ROOT}/Manifest.lock",
			);
			name = "[CP] Check Pods Manifest.lock";
			outputFileListPaths = (
			);
			outputPaths = (
				"$(DERIVED_FILE_DIR)/Pods-p02_coffee_shop-checkManifestLockResult.txt",
			);
			runOnlyForDeploymentPostprocessing = 0;
			shellPath = /bin/sh;
			shellScript = "diff \"${PODS_PODFILE_DIR_PATH}/Podfile.lock\" \"${PODS_ROOT}/Manifest.lock\" > /dev/null\nif [ $? != 0 ] ; then\n    # print error to STDERR\n    echo \"error: The sandbox is not in sync with the Podfile.lock. Run 'pod install' or update your CocoaPods installation.\" >&2\n    exit 1\nfi\n# This output is used by Xcode 'outputs' to avoid re-running this script phase.\necho \"SUCCESS\" > \"${SCRIPT_OUTPUT_FILE_0}\"\n";
			showEnvVarsInLog = 0;
		};
		C59DA0FBD6956966B86A3779 /* [CP] Embed Pods Frameworks */ = {
			isa = PBXShellScriptBuildPhase;
			buildActionMask = 2147483647;
			files = (
			);
			inputFileListPaths = (
				"${PODS_ROOT}/Target Support Files/Pods-p02_coffee_shop-p02_coffee_shopTests/Pods-p02_coffee_shop-p02_coffee_shopTests-frameworks-${CONFIGURATION}-input-files.xcfilelist",
			);
			name = "[CP] Embed Pods Frameworks";
			outputFileListPaths = (
				"${PODS_ROOT}/Target Support Files/Pods-p02_coffee_shop-p02_coffee_shopTests/Pods-p02_coffee_shop-p02_coffee_shopTests-frameworks-${CONFIGURATION}-output-files.xcfilelist",
			);
			runOnlyForDeploymentPostprocessing = 0;
			shellPath = /bin/sh;
			shellScript = "\"${PODS_ROOT}/Target Support Files/Pods-p02_coffee_shop-p02_coffee_shopTests/Pods-p02_coffee_shop-p02_coffee_shopTests-frameworks.sh\"\n";
			showEnvVarsInLog = 0;
		};
		E235C05ADACE081382539298 /* [CP] Copy Pods Resources */ = {
			isa = PBXShellScriptBuildPhase;
			buildActionMask = 2147483647;
			files = (
			);
			inputFileListPaths = (
				"${PODS_ROOT}/Target Support Files/Pods-p02_coffee_shop/Pods-p02_coffee_shop-resources-${CONFIGURATION}-input-files.xcfilelist",
			);
			name = "[CP] Copy Pods Resources";
			outputFileListPaths = (
				"${PODS_ROOT}/Target Support Files/Pods-p02_coffee_shop/Pods-p02_coffee_shop-resources-${CONFIGURATION}-output-files.xcfilelist",
			);
			runOnlyForDeploymentPostprocessing = 0;
			shellPath = /bin/sh;
			shellScript = "\"${PODS_ROOT}/Target Support Files/Pods-p02_coffee_shop/Pods-p02_coffee_shop-resources.sh\"\n";
			showEnvVarsInLog = 0;
		};
		F6A41C54EA430FDDC6A6ED99 /* [CP] Copy Pods Resources */ = {
			isa = PBXShellScriptBuildPhase;
			buildActionMask = 2147483647;
			files = (
			);
			inputFileListPaths = (
				"${PODS_ROOT}/Target Support Files/Pods-p02_coffee_shop-p02_coffee_shopTests/Pods-p02_coffee_shop-p02_coffee_shopTests-resources-${CONFIGURATION}-input-files.xcfilelist",
			);
			name = "[CP] Copy Pods Resources";
			outputFileListPaths = (
				"${PODS_ROOT}/Target Support Files/Pods-p02_coffee_shop-p02_coffee_shopTests/Pods-p02_coffee_shop-p02_coffee_shopTests-resources-${CONFIGURATION}-output-files.xcfilelist",
			);
			runOnlyForDeploymentPostprocessing = 0;
			shellPath = /bin/sh;
			shellScript = "\"${PODS_ROOT}/Target Support Files/Pods-p02_coffee_shop-p02_coffee_shopTests/Pods-p02_coffee_shop-p02_coffee_shopTests-resources.sh\"\n";
			showEnvVarsInLog = 0;
		};
/* End PBXShellScriptBuildPhase section */

/* Begin PBXSourcesBuildPhase section */
		00E356EA1AD99517003FC87E /* Sources */ = {
			isa = PBXSourcesBuildPhase;
			buildActionMask = 2147483647;
			files = (
				00E356F31AD99517003FC87E /* p02_coffee_shopTests.m in Sources */,
			);
			runOnlyForDeploymentPostprocessing = 0;
		};
		13B07F871A680F5B00A75B9A /* Sources */ = {
			isa = PBXSourcesBuildPhase;
			buildActionMask = 2147483647;
			files = (
				13B07FBC1A68108700A75B9A /* AppDelegate.mm in Sources */,
				13B07FC11A68108700A75B9A /* main.m in Sources */,
			);
			runOnlyForDeploymentPostprocessing = 0;
		};
/* End PBXSourcesBuildPhase section */

/* Begin PBXTargetDependency section */
		00E356F51AD99517003FC87E /* PBXTargetDependency */ = {
			isa = PBXTargetDependency;
			target = 13B07F861A680F5B00A75B9A /* p02_coffee_shop */;
			targetProxy = 00E356F41AD99517003FC87E /* PBXContainerItemProxy */;
		};
/* End PBXTargetDependency section */

/* Begin XCBuildConfiguration section */
		00E356F61AD99517003FC87E /* Debug */ = {
			isa = XCBuildConfiguration;
			baseConfigurationReference = 5B7EB9410499542E8C5724F5 /* Pods-p02_coffee_shop-p02_coffee_shopTests.debug.xcconfig */;
			buildSettings = {
				BUNDLE_LOADER = "$(TEST_HOST)";
				GCC_PREPROCESSOR_DEFINITIONS = (
					"DEBUG=1",
					"$(inherited)",
				);
				INFOPLIST_FILE = p02_coffee_shopTests/Info.plist;
				IPHONEOS_DEPLOYMENT_TARGET = 13.4;
				LD_RUNPATH_SEARCH_PATHS = (
					"$(inherited)",
					"@executable_path/Frameworks",
					"@loader_path/Frameworks",
				);
				OTHER_LDFLAGS = (
					"-ObjC",
					"-lc++",
					"$(inherited)",
				);
				PRODUCT_BUNDLE_IDENTIFIER = "org.reactjs.native.example.$(PRODUCT_NAME:rfc1034identifier)";
				PRODUCT_NAME = "$(TARGET_NAME)";
				TEST_HOST = "$(BUILT_PRODUCTS_DIR)/p02_coffee_shop.app/p02_coffee_shop";
			};
			name = Debug;
		};
		00E356F71AD99517003FC87E /* Release */ = {
			isa = XCBuildConfiguration;
			baseConfigurationReference = 89C6BE57DB24E9ADA2F236DE /* Pods-p02_coffee_shop-p02_coffee_shopTests.release.xcconfig */;
			buildSettings = {
				BUNDLE_LOADER = "$(TEST_HOST)";
				COPY_PHASE_STRIP = NO;
				INFOPLIST_FILE = p02_coffee_shopTests/Info.plist;
				IPHONEOS_DEPLOYMENT_TARGET = 13.4;
				LD_RUNPATH_SEARCH_PATHS = (
					"$(inherited)",
					"@executable_path/Frameworks",
					"@loader_path/Frameworks",
				);
				OTHER_LDFLAGS = (
					"-ObjC",
					"-lc++",
					"$(inherited)",
				);
				PRODUCT_BUNDLE_IDENTIFIER = "org.reactjs.native.example.$(PRODUCT_NAME:rfc1034identifier)";
				PRODUCT_NAME = "$(TARGET_NAME)";
				TEST_HOST = "$(BUILT_PRODUCTS_DIR)/p02_coffee_shop.app/p02_coffee_shop";
			};
			name = Release;
		};
		13B07F941A680F5B00A75B9A /* Debug */ = {
			isa = XCBuildConfiguration;
			baseConfigurationReference = 3B4392A12AC88292D35C810B /* Pods-p02_coffee_shop.debug.xcconfig */;
			buildSettings = {
				ASSETCATALOG_COMPILER_APPICON_NAME = AppIcon;
				CLANG_ENABLE_MODULES = YES;
				CURRENT_PROJECT_VERSION = 1;
				ENABLE_BITCODE = NO;
				INFOPLIST_FILE = p02_coffee_shop/Info.plist;
				LD_RUNPATH_SEARCH_PATHS = (
					"$(inherited)",
					"@executable_path/Frameworks",
				);
				MARKETING_VERSION = 1.0;
				OTHER_LDFLAGS = (
					"$(inherited)",
					"-ObjC",
					"-lc++",
				);
				PRODUCT_BUNDLE_IDENTIFIER = "org.reactjs.native.example.$(PRODUCT_NAME:rfc1034identifier)";
				PRODUCT_NAME = p02_coffee_shop;
				SWIFT_OPTIMIZATION_LEVEL = "-Onone";
				SWIFT_VERSION = 5.0;
				VERSIONING_SYSTEM = "apple-generic";
			};
			name = Debug;
		};
		13B07F951A680F5B00A75B9A /* Release */ = {
			isa = XCBuildConfiguration;
			baseConfigurationReference = 5709B34CF0A7D63546082F79 /* Pods-p02_coffee_shop.release.xcconfig */;
			buildSettings = {
				ASSETCATALOG_COMPILER_APPICON_NAME = AppIcon;
				CLANG_ENABLE_MODULES = YES;
				CURRENT_PROJECT_VERSION = 1;
				INFOPLIST_FILE = p02_coffee_shop/Info.plist;
				LD_RUNPATH_SEARCH_PATHS = (
					"$(inherited)",
					"@executable_path/Frameworks",
				);
				MARKETING_VERSION = 1.0;
				OTHER_LDFLAGS = (
					"$(inherited)",
					"-ObjC",
					"-lc++",
				);
				PRODUCT_BUNDLE_IDENTIFIER = "org.reactjs.native.example.$(PRODUCT_NAME:rfc1034identifier)";
				PRODUCT_NAME = p02_coffee_shop;
				SWIFT_VERSION = 5.0;
				VERSIONING_SYSTEM = "apple-generic";
			};
			name = Release;
		};
		83CBBA201A601CBA00E9B192 /* Debug */ = {
			isa = XCBuildConfiguration;
			buildSettings = {
				ALWAYS_SEARCH_USER_PATHS = NO;
				CLANG_ANALYZER_LOCALIZABILITY_NONLOCALIZED = YES;
				CLANG_CXX_LANGUAGE_STANDARD = "c++20";
				CLANG_CXX_LIBRARY = "libc++";
				CLANG_ENABLE_MODULES = YES;
				CLANG_ENABLE_OBJC_ARC = YES;
				CLANG_WARN_BLOCK_CAPTURE_AUTORELEASING = YES;
				CLANG_WARN_BOOL_CONVERSION = YES;
				CLANG_WARN_COMMA = YES;
				CLANG_WARN_CONSTANT_CONVERSION = YES;
				CLANG_WARN_DEPRECATED_OBJC_IMPLEMENTATIONS = YES;
				CLANG_WARN_DIRECT_OBJC_ISA_USAGE = YES_ERROR;
				CLANG_WARN_EMPTY_BODY = YES;
				CLANG_WARN_ENUM_CONVERSION = YES;
				CLANG_WARN_INFINITE_RECURSION = YES;
				CLANG_WARN_INT_CONVERSION = YES;
				CLANG_WARN_NON_LITERAL_NULL_CONVERSION = YES;
				CLANG_WARN_OBJC_IMPLICIT_RETAIN_SELF = YES;
				CLANG_WARN_OBJC_LITERAL_CONVERSION = YES;
				CLANG_WARN_OBJC_ROOT_CLASS = YES_ERROR;
				CLANG_WARN_QUOTED_INCLUDE_IN_FRAMEWORK_HEADER = YES;
				CLANG_WARN_RANGE_LOOP_ANALYSIS = YES;
				CLANG_WARN_STRICT_PROTOTYPES = YES;
				CLANG_WARN_SUSPICIOUS_MOVE = YES;
				CLANG_WARN_UNREACHABLE_CODE = YES;
				CLANG_WARN__DUPLICATE_METHOD_MATCH = YES;
				"CODE_SIGN_IDENTITY[sdk=iphoneos*]" = "iPhone Developer";
				COPY_PHASE_STRIP = NO;
				ENABLE_STRICT_OBJC_MSGSEND = YES;
				ENABLE_TESTABILITY = YES;
				"EXCLUDED_ARCHS[sdk=iphonesimulator*]" = "";
				GCC_C_LANGUAGE_STANDARD = gnu99;
				GCC_DYNAMIC_NO_PIC = NO;
				GCC_NO_COMMON_BLOCKS = YES;
				GCC_OPTIMIZATION_LEVEL = 0;
				GCC_PREPROCESSOR_DEFINITIONS = (
					"DEBUG=1",
					"$(inherited)",
				);
				GCC_SYMBOLS_PRIVATE_EXTERN = NO;
				GCC_WARN_64_TO_32_BIT_CONVERSION = YES;
				GCC_WARN_ABOUT_RETURN_TYPE = YES_ERROR;
				GCC_WARN_UNDECLARED_SELECTOR = YES;
				GCC_WARN_UNINITIALIZED_AUTOS = YES_AGGRESSIVE;
				GCC_WARN_UNUSED_FUNCTION = YES;
				GCC_WARN_UNUSED_VARIABLE = YES;
				IPHONEOS_DEPLOYMENT_TARGET = 13.4;
				LD_RUNPATH_SEARCH_PATHS = (
					/usr/lib/swift,
					"$(inherited)",
				);
				LIBRARY_SEARCH_PATHS = (
					"\"$(SDKROOT)/usr/lib/swift\"",
					"\"$(TOOLCHAIN_DIR)/usr/lib/swift/$(PLATFORM_NAME)\"",
					"\"$(inherited)\"",
				);
				MTL_ENABLE_DEBUG_INFO = YES;
				ONLY_ACTIVE_ARCH = YES;
				OTHER_CPLUSPLUSFLAGS = (
					"$(OTHER_CFLAGS)",
					"-DFOLLY_NO_CONFIG",
					"-DFOLLY_MOBILE=1",
					"-DFOLLY_USE_LIBCPP=1",
					"-DFOLLY_CFG_NO_COROUTINES=1",
					"-DFOLLY_HAVE_CLOCK_GETTIME=1",
				);
				SDKROOT = iphoneos;
			};
			name = Debug;
		};
		83CBBA211A601CBA00E9B192 /* Release */ = {
			isa = XCBuildConfiguration;
			buildSettings = {
				ALWAYS_SEARCH_USER_PATHS = NO;
				CLANG_ANALYZER_LOCALIZABILITY_NONLOCALIZED = YES;
				CLANG_CXX_LANGUAGE_STANDARD = "c++20";
				CLANG_CXX_LIBRARY = "libc++";
				CLANG_ENABLE_MODULES = YES;
				CLANG_ENABLE_OBJC_ARC = YES;
				CLANG_WARN_BLOCK_CAPTURE_AUTORELEASING = YES;
				CLANG_WARN_BOOL_CONVERSION = YES;
				CLANG_WARN_COMMA = YES;
				CLANG_WARN_CONSTANT_CONVERSION = YES;
				CLANG_WARN_DEPRECATED_OBJC_IMPLEMENTATIONS = YES;
				CLANG_WARN_DIRECT_OBJC_ISA_USAGE = YES_ERROR;
				CLANG_WARN_EMPTY_BODY = YES;
				CLANG_WARN_ENUM_CONVERSION = YES;
				CLANG_WARN_INFINITE_RECURSION = YES;
				CLANG_WARN_INT_CONVERSION = YES;
				CLANG_WARN_NON_LITERAL_NULL_CONVERSION = YES;
				CLANG_WARN_OBJC_IMPLICIT_RETAIN_SELF = YES;
				CLANG_WARN_OBJC_LITERAL_CONVERSION = YES;
				CLANG_WARN_OBJC_ROOT_CLASS = YES_ERROR;
				CLANG_WARN_QUOTED_INCLUDE_IN_FRAMEWORK_HEADER = YES;
				CLANG_WARN_RANGE_LOOP_ANALYSIS = YES;
				CLANG_WARN_STRICT_PROTOTYPES = YES;
				CLANG_WARN_SUSPICIOUS_MOVE = YES;
				CLANG_WARN_UNREACHABLE_CODE = YES;
				CLANG_WARN__DUPLICATE_METHOD_MATCH = YES;
				"CODE_SIGN_IDENTITY[sdk=iphoneos*]" = "iPhone Developer";
				COPY_PHASE_STRIP = YES;
				ENABLE_NS_ASSERTIONS = NO;
				ENABLE_STRICT_OBJC_MSGSEND = YES;
				"EXCLUDED_ARCHS[sdk=iphonesimulator*]" = "";
				GCC_C_LANGUAGE_STANDARD = gnu99;
				GCC_NO_COMMON_BLOCKS = YES;
				GCC_WARN_64_TO_32_BIT_CONVERSION = YES;
				GCC_WARN_ABOUT_RETURN_TYPE = YES_ERROR;
				GCC_WARN_UNDECLARED_SELECTOR = YES;
				GCC_WARN_UNINITIALIZED_AUTOS = YES_AGGRESSIVE;
				GCC_WARN_UNUSED_FUNCTION = YES;
				GCC_WARN_UNUSED_VARIABLE = YES;
				IPHONEOS_DEPLOYMENT_TARGET = 13.4;
				LD_RUNPATH_SEARCH_PATHS = (
					/usr/lib/swift,
					"$(inherited)",
				);
				LIBRARY_SEARCH_PATHS = (
					"\"$(SDKROOT)/usr/lib/swift\"",
					"\"$(TOOLCHAIN_DIR)/usr/lib/swift/$(PLATFORM_NAME)\"",
					"\"$(inherited)\"",
				);
				MTL_ENABLE_DEBUG_INFO = NO;
				OTHER_CPLUSPLUSFLAGS = (
					"$(OTHER_CFLAGS)",
					"-DFOLLY_NO_CONFIG",
					"-DFOLLY_MOBILE=1",
					"-DFOLLY_USE_LIBCPP=1",
					"-DFOLLY_CFG_NO_COROUTINES=1",
					"-DFOLLY_HAVE_CLOCK_GETTIME=1",
				);
				SDKROOT = iphoneos;
				VALIDATE_PRODUCT = YES;
			};
			name = Release;
		};
/* End XCBuildConfiguration section */

/* Begin XCConfigurationList section */
		00E357021AD99517003FC87E /* Build configuration list for PBXNativeTarget "p02_coffee_shopTests" */ = {
			isa = XCConfigurationList;
			buildConfigurations = (
				00E356F61AD99517003FC87E /* Debug */,
				00E356F71AD99517003FC87E /* Release */,
			);
			defaultConfigurationIsVisible = 0;
			defaultConfigurationName = Release;
		};
		13B07F931A680F5B00A75B9A /* Build configuration list for PBXNativeTarget "p02_coffee_shop" */ = {
			isa = XCConfigurationList;
			buildConfigurations = (
				13B07F941A680F5B00A75B9A /* Debug */,
				13B07F951A680F5B00A75B9A /* Release */,
			);
			defaultConfigurationIsVisible = 0;
			defaultConfigurationName = Release;
		};
		83CBB9FA1A601CBA00E9B192 /* Build configuration list for PBXProject "p02_coffee_shop" */ = {
			isa = XCConfigurationList;
			buildConfigurations = (
				83CBBA201A601CBA00E9B192 /* Debug */,
				83CBBA211A601CBA00E9B192 /* Release */,
			);
			defaultConfigurationIsVisible = 0;
			defaultConfigurationName = Release;
		};
/* End XCConfigurationList section */
	};
	rootObject = 83CBB9F71A601CBA00E9B192 /* Project object */;
}
